dependencies:
- name: common
  repository: oci://registry-1.docker.io/cloudpirates
  version: 2.2.1
- name: mariadb
  repository: oci://registry-1.docker.io/cloudpirates
  version: 0.4.0
digest: sha256:4282b0d84981f85d880d5e3e94dfc1cf0ba1bc581b432b3eabe0d1a599cb20a7
generated: "2026-09-08T10:10:48.213346+02:00"
