dependencies:
- name: common
  repository: oci://registry-1.docker.io/cloudpirates
  version: 1.1.1
- name: postgres
  repository: oci://registry-1.docker.io/cloudpirates
  version: 0.6.0
- name: mariadb
  repository: oci://registry-1.docker.io/cloudpirates
  version: 0.3.0
digest: sha256:3b47f8a6f6c98ce0f502c33e36aa995f3aa1c52b75939433199817d1c3fc35fd
generated: "2025-09-29T13:05:14.9766945+02:00"
