dependencies:
- name: common
  repository: oci://registry-1.docker.io/cloudpirates
  version: 2.2.1
- name: postgres
  repository: oci://registry-1.docker.io/cloudpirates
  version: 0.9.0
- name: mariadb
  repository: oci://registry-1.docker.io/cloudpirates
  version: 0.4.0
digest: sha256:09931a40cd3043834e1cee3242f9a8131260e7b745720c6f6e607c9b9313e5c5
generated: "2026-09-08T10:10:56.255205+02:00"
