dependencies:
- name: common
  repository: oci://registry-1.docker.io/cloudpirates
  version: 1.1.2
- name: postgres
  repository: oci://registry-1.docker.io/cloudpirates
  version: 0.8.2
- name: mariadb
  repository: oci://registry-1.docker.io/cloudpirates
  version: 0.3.4
digest: sha256:506e303edf976d6765a82a18a0ec4b875f487ed9b1dad833ff6a9e5a3e48353c
generated: "2025-10-13T14:02:02.036385+02:00"
