dependencies:
- name: common
  repository: oci://registry-1.docker.io/cloudpirates
  version: 1.1.2
- name: valkey
  repository: oci://registry-1.docker.io/cloudpirates
  version: 0.4.1
digest: sha256:84754cb5cd51a4ae8155b2bc5d7d4fe79826ad2522def90069a5ce4a0b0f132c
generated: "2025-10-10T07:28:52.158305784Z"
