dependencies:
- name: common
  repository: oci://registry-1.docker.io/cloudpirates
  version: 2.2.0
- name: valkey
  repository: oci://registry-1.docker.io/cloudpirates
  version: 0.25.7
digest: sha256:28c54f50e9351ab107d7303427bb1593c17e546dedcb18afeb34a58dde8197d4
generated: "2026-08-31T07:23:16.624165329Z"
