dependencies:
- name: common
  repository: oci://registry-1.docker.io/cloudpirates
  version: 2.2.0
- name: valkey
  repository: oci://registry-1.docker.io/cloudpirates
  version: 0.24.1
digest: sha256:6f1d759cd8078c9dea16bbafa1097b5679724b7e4b822a7cabec76e4b07f5760
generated: "2026-07-13T08:09:02.199401832Z"
